
Microsoft Visual Studio Solution File, Format Version 12.00
# Visual Studio Version 17
VisualStudioVersion = 17.8.34525.116
MinimumVisualStudioVersion = 10.0.40219.1
Project("{FAE04EC0-301F-11D3-BF4B-00C04F79EFBC}") = "L01P022021CE650", "L01P022021CE650\L01P022021CE650.csproj", "{653D96B8-BEED-443D-8BF4-1F1B0D2AC075}"
EndProject
Global
	GlobalSection(SolutionConfigurationPlatforms) = preSolution
		Debug|Any CPU = Debug|Any CPU
		Release|Any CPU = Release|Any CPU
	EndGlobalSection
	GlobalSection(ProjectConfigurationPlatforms) = postSolution
		{653D96B8-BEED-443D-8BF4-1F1B0D2AC075}.Debug|Any CPU.ActiveCfg = Debug|Any CPU
		{653D96B8-BEED-443D-8BF4-1F1B0D2AC075}.Debug|Any CPU.Build.0 = Debug|Any CPU
		{653D96B8-BEED-443D-8BF4-1F1B0D2AC075}.Release|Any CPU.ActiveCfg = Release|Any CPU
		{653D96B8-BEED-443D-8BF4-1F1B0D2AC075}.Release|Any CPU.Build.0 = Release|Any CPU
	EndGlobalSection
	GlobalSection(SolutionProperties) = preSolution
		HideSolutionNode = FALSE
	EndGlobalSection
	GlobalSection(ExtensibilityGlobals) = postSolution
		SolutionGuid = {D1EE6510-F22D-4248-9A98-D7367E90C6BE}
	EndGlobalSection
EndGlobal
